# @generated - this file is auto-generated by `mise lock` https://mise.jdx.dev/dev-tools/mise-lock.html

[[tools."github:victor-software-house/verctl"]]
version = "0.0.1"
backend = "github:victor-software-house/verctl"

[tools."github:victor-software-house/verctl"."platforms.linux-x64"]
checksum = "sha256:1632ea51059093a8a3a39852c2c4fda0a1705f7c92c7a97b02c33eed374a1fe5"
url = "https://github.com/victor-software-house/verctl/releases/download/v0.0.1/verctl_0.0.1_linux_x64.tar.gz"
url_api = "https://api.github.com/repos/victor-software-house/verctl/releases/assets/517656825"

[tools."github:victor-software-house/verctl"."platforms.linux-x64-musl"]
checksum = "sha256:1632ea51059093a8a3a39852c2c4fda0a1705f7c92c7a97b02c33eed374a1fe5"
url = "https://github.com/victor-software-house/verctl/releases/download/v0.0.1/verctl_0.0.1_linux_x64.tar.gz"
url_api = "https://api.github.com/repos/victor-software-house/verctl/releases/assets/517656825"

[tools."github:victor-software-house/verctl"."platforms.macos-arm64"]
checksum = "sha256:200db6068927045d4cb481e4707d8062b92564199803075d1525460ebe2c3fd5"
url = "https://github.com/victor-software-house/verctl/releases/download/v0.0.1/verctl_0.0.1_macos_arm64.tar.gz"
url_api = "https://api.github.com/repos/victor-software-house/verctl/releases/assets/517658841"
