# @generated - this file is auto-generated by `mise lock` https://mise.jdx.dev/dev-tools/mise-lock.html

[[tools."github:victor-software-house/verctl"]]
version = "0.1.0"
backend = "github:victor-software-house/verctl"

[tools."github:victor-software-house/verctl"."platforms.linux-x64"]
checksum = "sha256:580ccf42df7111ebc8dfb1c70fb18d062a5933856472aa893d8f719985935082"
url = "https://github.com/victor-software-house/verctl/releases/download/v0.1.0/verctl_0.1.0_linux_x64.tar.gz"
url_api = "https://api.github.com/repos/victor-software-house/verctl/releases/assets/521655763"

[tools."github:victor-software-house/verctl"."platforms.linux-x64-musl"]
checksum = "sha256:580ccf42df7111ebc8dfb1c70fb18d062a5933856472aa893d8f719985935082"
url = "https://github.com/victor-software-house/verctl/releases/download/v0.1.0/verctl_0.1.0_linux_x64.tar.gz"
url_api = "https://api.github.com/repos/victor-software-house/verctl/releases/assets/521655763"

[tools."github:victor-software-house/verctl"."platforms.macos-arm64"]
checksum = "sha256:a2991c54d8f60c0346d6c5ae11d41606dbf16a0bbcbaeae4725aa35cb49dee5f"
url = "https://github.com/victor-software-house/verctl/releases/download/v0.1.0/verctl_0.1.0_macos_arm64.tar.gz"
url_api = "https://api.github.com/repos/victor-software-house/verctl/releases/assets/521655353"
