# @generated - this file is auto-generated by `mise lock` https://mise.jdx.dev/dev-tools/mise-lock.html

[[tools.conftest]]
version = "0.69.0"
backend = "aqua:open-policy-agent/conftest"

[tools.conftest."platforms.linux-arm64"]
checksum = "sha256:3b9c35223fe35f9988e153cdffb0144f911201306c746758b73be82831c543d9"
url = "https://github.com/open-policy-agent/conftest/releases/download/v0.69.0/conftest_0.69.0_Linux_arm64.tar.gz"
url_api = "https://api.github.com/repos/open-policy-agent/conftest/releases/assets/499923585"

[tools.conftest."platforms.linux-arm64-musl"]
checksum = "sha256:3b9c35223fe35f9988e153cdffb0144f911201306c746758b73be82831c543d9"
url = "https://github.com/open-policy-agent/conftest/releases/download/v0.69.0/conftest_0.69.0_Linux_arm64.tar.gz"
url_api = "https://api.github.com/repos/open-policy-agent/conftest/releases/assets/499923585"

[tools.conftest."platforms.linux-x64"]
checksum = "sha256:96fc2fbf11f0afde51256647127e6f00a64ce839a4d9a0a1aef2426c0e6f4b3f"
url = "https://github.com/open-policy-agent/conftest/releases/download/v0.69.0/conftest_0.69.0_Linux_x86_64.tar.gz"
url_api = "https://api.github.com/repos/open-policy-agent/conftest/releases/assets/499923547"

[tools.conftest."platforms.linux-x64-musl"]
checksum = "sha256:96fc2fbf11f0afde51256647127e6f00a64ce839a4d9a0a1aef2426c0e6f4b3f"
url = "https://github.com/open-policy-agent/conftest/releases/download/v0.69.0/conftest_0.69.0_Linux_x86_64.tar.gz"
url_api = "https://api.github.com/repos/open-policy-agent/conftest/releases/assets/499923547"

[tools.conftest."platforms.macos-arm64"]
checksum = "sha256:78302d045f0ec52e9786a06c6c621ac4516b4c5dd1e54efc8050c86c29b964d9"
url = "https://github.com/open-policy-agent/conftest/releases/download/v0.69.0/conftest_0.69.0_Darwin_arm64.tar.gz"
url_api = "https://api.github.com/repos/open-policy-agent/conftest/releases/assets/499923548"

[tools.conftest."platforms.macos-x64"]
checksum = "sha256:74fc9073fc7a5f11ffe00db7599d2b155d179acc70e83ffc7ab4a8750e6ee24e"
url = "https://github.com/open-policy-agent/conftest/releases/download/v0.69.0/conftest_0.69.0_Darwin_x86_64.tar.gz"
url_api = "https://api.github.com/repos/open-policy-agent/conftest/releases/assets/499923549"

[tools.conftest."platforms.windows-x64"]
checksum = "sha256:be95f90cd22d00e709a7ad37bdac357c103b4f81d92dc51ca75a60e5f3905cf5"
url = "https://github.com/open-policy-agent/conftest/releases/download/v0.69.0/conftest_0.69.0_Windows_x86_64.zip"
url_api = "https://api.github.com/repos/open-policy-agent/conftest/releases/assets/499923545"

[[tools."github:EmbarkStudios/cargo-deny"]]
version = "0.20.2"
backend = "github:EmbarkStudios/cargo-deny"

[tools."github:EmbarkStudios/cargo-deny"."platforms.linux-x64"]
checksum = "sha256:9f12ed4c49936e09b48bf862b595cde2fe64fcbd9d74dfacac6131ca824c8d5f"
url = "https://github.com/EmbarkStudios/cargo-deny/releases/download/0.20.2/cargo-deny-0.20.2-x86_64-unknown-linux-musl.tar.gz"
url_api = "https://api.github.com/repos/EmbarkStudios/cargo-deny/releases/assets/471598214"

[tools."github:EmbarkStudios/cargo-deny"."platforms.macos-arm64"]
checksum = "sha256:fe67d82a10d8597a3549364cb733a3f9cc1bfff9031b7ae46384a9f2a72090c3"
url = "https://github.com/EmbarkStudios/cargo-deny/releases/download/0.20.2/cargo-deny-0.20.2-aarch64-apple-darwin.tar.gz"
url_api = "https://api.github.com/repos/EmbarkStudios/cargo-deny/releases/assets/471597689"

[[tools."github:crate-ci/committed"]]
version = "1.1.11"
backend = "github:crate-ci/committed"

[tools."github:crate-ci/committed"."platforms.linux-arm64"]
checksum = "sha256:96d6334ab2dccc0e90b67ebdcaa2af856f29eadef48161926e21a0e35f1ae80d"
url = "https://github.com/crate-ci/committed/releases/download/v1.1.11/committed-v1.1.11-aarch64-unknown-linux-musl.tar.gz"
url_api = "https://api.github.com/repos/crate-ci/committed/releases/assets/361545435"

[tools."github:crate-ci/committed"."platforms.linux-arm64-musl"]
checksum = "sha256:96d6334ab2dccc0e90b67ebdcaa2af856f29eadef48161926e21a0e35f1ae80d"
url = "https://github.com/crate-ci/committed/releases/download/v1.1.11/committed-v1.1.11-aarch64-unknown-linux-musl.tar.gz"
url_api = "https://api.github.com/repos/crate-ci/committed/releases/assets/361545435"

[tools."github:crate-ci/committed"."platforms.linux-x64"]
checksum = "sha256:1e5c20049eeaa4633e6798283913f92dc90a97f2b5c6dfc28e8c4b7e77a67157"
url = "https://github.com/crate-ci/committed/releases/download/v1.1.11/committed-v1.1.11-x86_64-unknown-linux-musl.tar.gz"
url_api = "https://api.github.com/repos/crate-ci/committed/releases/assets/361544963"

[tools."github:crate-ci/committed"."platforms.linux-x64-musl"]
checksum = "sha256:1e5c20049eeaa4633e6798283913f92dc90a97f2b5c6dfc28e8c4b7e77a67157"
url = "https://github.com/crate-ci/committed/releases/download/v1.1.11/committed-v1.1.11-x86_64-unknown-linux-musl.tar.gz"
url_api = "https://api.github.com/repos/crate-ci/committed/releases/assets/361544963"

[tools."github:crate-ci/committed"."platforms.macos-arm64"]
checksum = "sha256:98eae08e1b0715ef6446c4bd08352f21f3a3ce21535a35687a1e132bcb4fcac1"
url = "https://github.com/crate-ci/committed/releases/download/v1.1.11/committed-v1.1.11-aarch64-apple-darwin.tar.gz"
url_api = "https://api.github.com/repos/crate-ci/committed/releases/assets/362199688"

[tools."github:crate-ci/committed"."platforms.macos-x64"]
checksum = "sha256:b1718d951c8a90539ffb7a81145fdadf81c6c9a1f17560be433a74c5b3f7bfca"
url = "https://github.com/crate-ci/committed/releases/download/v1.1.11/committed-v1.1.11-x86_64-apple-darwin.tar.gz"
url_api = "https://api.github.com/repos/crate-ci/committed/releases/assets/361544941"

[tools."github:crate-ci/committed"."platforms.windows-x64"]
checksum = "sha256:af4f5a65320471751ed1dfbb5502f15f4857cea797b077c6049acb2b995d293b"
url = "https://github.com/crate-ci/committed/releases/download/v1.1.11/committed-v1.1.11-x86_64-pc-windows-msvc.zip"
url_api = "https://api.github.com/repos/crate-ci/committed/releases/assets/361545840"

[[tools."github:victor-software-house/qctl"]]
version = "0.4.2"
backend = "github:victor-software-house/qctl"

[tools."github:victor-software-house/qctl"."platforms.linux-x64"]
checksum = "sha256:eab5f06bb0730fb74830d06b13a365c36a8dae79d7d6da45cf7c30dc60147968"
url = "https://github.com/victor-software-house/qctl/releases/download/v0.4.2/qctl_0.4.2_linux_x64.tar.gz"
url_api = "https://api.github.com/repos/victor-software-house/qctl/releases/assets/560432418"

[tools."github:victor-software-house/qctl"."platforms.linux-x64-musl"]
checksum = "sha256:eab5f06bb0730fb74830d06b13a365c36a8dae79d7d6da45cf7c30dc60147968"
url = "https://github.com/victor-software-house/qctl/releases/download/v0.4.2/qctl_0.4.2_linux_x64.tar.gz"
url_api = "https://api.github.com/repos/victor-software-house/qctl/releases/assets/560432418"

[tools."github:victor-software-house/qctl"."platforms.macos-arm64"]
checksum = "sha256:bb09cb3944c7edce30d51200f9b3faca6477abde29bca259f098446a1a4432f2"
url = "https://github.com/victor-software-house/qctl/releases/download/v0.4.2/qctl_0.4.2_macos_arm64.tar.gz"
url_api = "https://api.github.com/repos/victor-software-house/qctl/releases/assets/560432318"

[[tools.lefthook]]
version = "2.1.10"
backend = "aqua:evilmartians/lefthook"

[tools.lefthook."platforms.linux-arm64"]
checksum = "sha256:6380a6ad6dd484466fd69bd83f24491d6ec27dc0b84e837be025620f7c4e11e3"
url = "https://github.com/evilmartians/lefthook/releases/download/v2.1.10/lefthook_2.1.10_Linux_aarch64.gz"
url_api = "https://api.github.com/repos/evilmartians/lefthook/releases/assets/470227512"
provenance = "github-attestations"

[tools.lefthook."platforms.linux-arm64-musl"]
checksum = "sha256:6380a6ad6dd484466fd69bd83f24491d6ec27dc0b84e837be025620f7c4e11e3"
url = "https://github.com/evilmartians/lefthook/releases/download/v2.1.10/lefthook_2.1.10_Linux_aarch64.gz"
url_api = "https://api.github.com/repos/evilmartians/lefthook/releases/assets/470227512"
provenance = "github-attestations"

[tools.lefthook."platforms.linux-x64"]
checksum = "sha256:0b14162a0bb2f0c64ae0759f6102f6e19c4d00981666a8ac73d4f5a6878ada4f"
url = "https://github.com/evilmartians/lefthook/releases/download/v2.1.10/lefthook_2.1.10_Linux_x86_64.gz"
url_api = "https://api.github.com/repos/evilmartians/lefthook/releases/assets/470227493"
provenance = "github-attestations"

[tools.lefthook."platforms.linux-x64-musl"]
checksum = "sha256:0b14162a0bb2f0c64ae0759f6102f6e19c4d00981666a8ac73d4f5a6878ada4f"
url = "https://github.com/evilmartians/lefthook/releases/download/v2.1.10/lefthook_2.1.10_Linux_x86_64.gz"
url_api = "https://api.github.com/repos/evilmartians/lefthook/releases/assets/470227493"
provenance = "github-attestations"

[tools.lefthook."platforms.macos-arm64"]
checksum = "sha256:1dd4dc7b4c50efb1f9d9122cd6535c793738d6e59751c228d49f768ec9dbb604"
url = "https://github.com/evilmartians/lefthook/releases/download/v2.1.10/lefthook_2.1.10_MacOS_arm64.gz"
url_api = "https://api.github.com/repos/evilmartians/lefthook/releases/assets/470227499"
provenance = "github-attestations"

[tools.lefthook."platforms.macos-x64"]
checksum = "sha256:49d905f28ca46442cb236060058b252da650b5f7b864bd275b61aa46945e8c4a"
url = "https://github.com/evilmartians/lefthook/releases/download/v2.1.10/lefthook_2.1.10_MacOS_x86_64.gz"
url_api = "https://api.github.com/repos/evilmartians/lefthook/releases/assets/470227495"
provenance = "github-attestations"

[tools.lefthook."platforms.windows-x64"]
checksum = "sha256:beabbce824641ae71229ed11dd8634f47148921cb649d25c90441b737481494a"
url = "https://github.com/evilmartians/lefthook/releases/download/v2.1.10/lefthook_2.1.10_Windows_x86_64.gz"
url_api = "https://api.github.com/repos/evilmartians/lefthook/releases/assets/470227505"
provenance = "github-attestations"

[[tools.mr-boxington]]
version = "1.20.0"
backend = "packslip:github.com/jdx/mr-boxington"

[tools.mr-boxington."platforms.linux-arm64"]
checksum = "sha256:ce9f353547ea3e71642b44726a6d7ee503fabb93380176ada644a6e5eb8e6809"
url = "https://github.com/jdx/mr-boxington/releases/download/v1.20.0/mbx-aarch64-unknown-linux-gnu.tar.gz"
signer = "sigstore-oidc:https://github.com/jdx/mr-boxington/.github/workflows/release.yml"

[tools.mr-boxington."platforms.linux-arm64-musl"]
checksum = "sha256:2d91c8c06d912a53a3f56512326a65eadbad5e70b34c28ceed8ec0e923bdfdc1"
url = "https://github.com/jdx/mr-boxington/releases/download/v1.20.0/mbx-aarch64-unknown-linux-musl.tar.gz"
signer = "sigstore-oidc:https://github.com/jdx/mr-boxington/.github/workflows/release.yml"

[tools.mr-boxington."platforms.linux-x64"]
checksum = "sha256:f3537f6a2a7d3eaef5840fcd0bfccb108941f7a7ab395ec82914fd99c91ff357"
url = "https://github.com/jdx/mr-boxington/releases/download/v1.20.0/mbx-x86_64-unknown-linux-gnu.tar.gz"
signer = "sigstore-oidc:https://github.com/jdx/mr-boxington/.github/workflows/release.yml"

[tools.mr-boxington."platforms.linux-x64-musl"]
checksum = "sha256:c9dbbde6105aa852bcf3b8df616243225b14099ccdafd0923f6d7d181d55c93f"
url = "https://github.com/jdx/mr-boxington/releases/download/v1.20.0/mbx-x86_64-unknown-linux-musl.tar.gz"
signer = "sigstore-oidc:https://github.com/jdx/mr-boxington/.github/workflows/release.yml"

[tools.mr-boxington."platforms.macos-arm64"]
checksum = "sha256:0b4b12d09dd4cc4571a53472823dd04a987d0105e162ed2d383d73e22f17a602"
url = "https://github.com/jdx/mr-boxington/releases/download/v1.20.0/mbx-aarch64-apple-darwin.tar.gz"
signer = "sigstore-oidc:https://github.com/jdx/mr-boxington/.github/workflows/release.yml"

[tools.mr-boxington."platforms.windows-x64"]
checksum = "sha256:b31c4995a2293eedb3fdc4a67eb17d2df39a4d5e5928d774dbe90146ee6d799f"
url = "https://github.com/jdx/mr-boxington/releases/download/v1.20.0/mbx-x86_64-pc-windows-msvc.zip"
signer = "sigstore-oidc:https://github.com/jdx/mr-boxington/.github/workflows/release.yml"

[[tools.rust]]
version = "nightly-2026-09-29"
backend = "core:rust"

[tools.rust.options]
components = "clippy,rustfmt"
