# @generated - this file is auto-generated by `mise lock` https://mise.jdx.dev/dev-tools/mise-lock.html

[[tools.committed]]
version = "1.1.11"
backend = "aqua:crate-ci/committed"

[tools.committed."platforms.linux-x64"]
checksum = "sha256:1e5c20049eeaa4633e6798283913f92dc90a97f2b5c6dfc28e8c4b7e77a67157"
url = "https://github.com/crate-ci/committed/releases/download/v1.1.11/committed-v1.1.11-x86_64-unknown-linux-musl.tar.gz"
url_api = "https://api.github.com/repos/crate-ci/committed/releases/assets/361544963"

[tools.committed."platforms.macos-arm64"]
checksum = "sha256:b1718d951c8a90539ffb7a81145fdadf81c6c9a1f17560be433a74c5b3f7bfca"
url = "https://github.com/crate-ci/committed/releases/download/v1.1.11/committed-v1.1.11-x86_64-apple-darwin.tar.gz"
url_api = "https://api.github.com/repos/crate-ci/committed/releases/assets/361544941"

[[tools.lefthook]]
version = "2.1.10"
backend = "aqua:evilmartians/lefthook"

[tools.lefthook."platforms.linux-x64"]
checksum = "sha256:0b14162a0bb2f0c64ae0759f6102f6e19c4d00981666a8ac73d4f5a6878ada4f"
url = "https://github.com/evilmartians/lefthook/releases/download/v2.1.10/lefthook_2.1.10_Linux_x86_64.gz"
url_api = "https://api.github.com/repos/evilmartians/lefthook/releases/assets/470227493"
provenance = "github-attestations"

[tools.lefthook."platforms.macos-arm64"]
checksum = "sha256:1dd4dc7b4c50efb1f9d9122cd6535c793738d6e59751c228d49f768ec9dbb604"
url = "https://github.com/evilmartians/lefthook/releases/download/v2.1.10/lefthook_2.1.10_MacOS_arm64.gz"
url_api = "https://api.github.com/repos/evilmartians/lefthook/releases/assets/470227499"
provenance = "github-attestations"

[[tools.rust]]
version = "1.97.1"
backend = "core:rust"
