# @generated - this file is auto-generated by `mise lock` https://mise.jdx.dev/dev-tools/mise-lock.html

[[tools."github:victor-software-house/verctl"]]
version = "0.0.4"
backend = "github:victor-software-house/verctl"

[tools."github:victor-software-house/verctl"."platforms.linux-x64"]
checksum = "sha256:07e341b5f9f9d31665b3b4489a15bf7063c78eb6c0fd0fb9044298831a73bca2"
url = "https://github.com/victor-software-house/verctl/releases/download/v0.0.4/verctl_0.0.4_linux_x64.tar.gz"
url_api = "https://api.github.com/repos/victor-software-house/verctl/releases/assets/520068826"

[tools."github:victor-software-house/verctl"."platforms.linux-x64-musl"]
checksum = "sha256:07e341b5f9f9d31665b3b4489a15bf7063c78eb6c0fd0fb9044298831a73bca2"
url = "https://github.com/victor-software-house/verctl/releases/download/v0.0.4/verctl_0.0.4_linux_x64.tar.gz"
url_api = "https://api.github.com/repos/victor-software-house/verctl/releases/assets/520068826"

[tools."github:victor-software-house/verctl"."platforms.macos-arm64"]
checksum = "sha256:70f46c7b06f3f6f44ce6df2e570385544a80467778fe4726c8d04de27417d706"
url = "https://github.com/victor-software-house/verctl/releases/download/v0.0.4/verctl_0.0.4_macos_arm64.tar.gz"
url_api = "https://api.github.com/repos/victor-software-house/verctl/releases/assets/520070037"
